
Microsoft Visual Studio Solution File, Format Version 12.00
# Visual Studio Version 17
VisualStudioVersion = 17.6.33617.297
MinimumVisualStudioVersion = 10.0.40219.1
Project("{2150E333-8FDC-42A3-9474-1A3956D46DE8}") = "Services", "Services", "{43E7CAF9-680B-4F40-890F-E9222EB5075D}"
EndProject
Project("{2150E333-8FDC-42A3-9474-1A3956D46DE8}") = "Catalog", "Catalog", "{80DB42B7-9410-461C-9EDF-53B691360B2F}"
EndProject
Project("{FAE04EC0-301F-11D3-BF4B-00C04F79EFBC}") = "Catalog.API", "Services\Catalog\Catalog.API\Catalog.API.csproj", "{95361FE1-05D3-4DAF-B39B-B92C39ED2177}"
EndProject
Global
	GlobalSection(SolutionConfigurationPlatforms) = preSolution
		Debug|Any CPU = Debug|Any CPU
		Release|Any CPU = Release|Any CPU
	EndGlobalSection
	GlobalSection(ProjectConfigurationPlatforms) = postSolution
		{95361FE1-05D3-4DAF-B39B-B92C39ED2177}.Debug|Any CPU.ActiveCfg = Debug|Any CPU
		{95361FE1-05D3-4DAF-B39B-B92C39ED2177}.Debug|Any CPU.Build.0 = Debug|Any CPU
		{95361FE1-05D3-4DAF-B39B-B92C39ED2177}.Release|Any CPU.ActiveCfg = Release|Any CPU
		{95361FE1-05D3-4DAF-B39B-B92C39ED2177}.Release|Any CPU.Build.0 = Release|Any CPU
	EndGlobalSection
	GlobalSection(SolutionProperties) = preSolution
		HideSolutionNode = FALSE
	EndGlobalSection
	GlobalSection(NestedProjects) = preSolution
		{80DB42B7-9410-461C-9EDF-53B691360B2F} = {43E7CAF9-680B-4F40-890F-E9222EB5075D}
		{95361FE1-05D3-4DAF-B39B-B92C39ED2177} = {80DB42B7-9410-461C-9EDF-53B691360B2F}
	EndGlobalSection
	GlobalSection(ExtensibilityGlobals) = postSolution
		SolutionGuid = {54865AAD-48B3-42A7-9E6D-DDD067E16EFB}
	EndGlobalSection
EndGlobal
